diff --git a//dev/null b/package-lock.json
index 0000000000000000000000000000000000000000..973ad553a53c35806ca17777388f00138b18c7b6 100644
--- a//dev/null
+++ b/package-lock.json
@@ -0,0 +1,22 @@
+{
+  "name": "kadrajc2c",
+  "version": "1.0.0",
+  "lockfileVersion": 3,
+  "requires": true,
+  "packages": {
+    "": {
+      "name": "kadrajc2c",
+      "version": "1.0.0",
+      "license": "ISC",
+      "dependencies": {
+        "react": "^18.2.0",
+        "react-dom": "^18.2.0",
+        "firebase": "^9.22.2"
+      },
+      "devDependencies": {
+        "jest": "^29.7.0",
+        "serve": "^14.2.0"
+      }
+    }
+  }
+}
